// !$*UTF8*$!
{
	archiveVersion = 1;
	classes = {
	};
	objectVersion = 56;
	objects = {

/* Begin PBXBuildFile section */
		FFD798AB28EC8EA1002938F1 /* AppDelegate.swift in Sources */ = {isa = PBXBuildFile; fileRef = FFD798AA28EC8EA1002938F1 /* AppDelegate.swift */; };
		FFD798AD28EC8EA1002938F1 /* SceneDelegate.swift in Sources */ = {isa = PBXBuildFile; fileRef = FFD798AC28EC8EA1002938F1 /* SceneDelegate.swift */; };
		FFD798B228EC8EA1002938F1 /* Main.storyboard in Resources */ = {isa = PBXBuildFile; fileRef = FFD798B028EC8EA1002938F1 /* Main.storyboard */; };
		FFD798B428EC8EA2002938F1 /* Assets.xcassets in Resources */ = {isa = PBXBuildFile; fileRef = FFD798B328EC8EA2002938F1 /* Assets.xcassets */; };
		FFD798B728EC8EA2002938F1 /* LaunchScreen.storyboard in Resources */ = {isa = PBXBuildFile; fileRef = FFD798B528EC8EA2002938F1 /* LaunchScreen.storyboard */; };
		FFD798BF28EC8EBB002938F1 /* NearEarthObject.swift in Sources */ = {isa = PBXBuildFile; fileRef = FFD798BE28EC8EBB002938F1 /* NearEarthObject.swift */; };
		FFD798C128EC90C5002938F1 /* NEOController.swift in Sources */ = {isa = PBXBuildFile; fileRef = FFD798C028EC90C5002938F1 /* NEOController.swift */; };
		FFD798C728ECC131002938F1 /* NeosTableViewController.swift in Sources */ = {isa = PBXBuildFile; fileRef = FFD798C628ECC131002938F1 /* NeosTableViewController.swift */; };
/* End PBXBuildFile section */

/* Begin PBXFileReference section */
		FFD798A728EC8EA1002938F1 /* NeoiOS3.app */ = {isa = PBXFileReference; explicitFileType = wrapper.application; includeInIndex = 0; path = NeoiOS3.app; sourceTree = BUILT_PRODUCTS_DIR; };
		FFD798AA28EC8EA1002938F1 /* AppDelegate.swift */ = {isa = PBXFileReference; lastKnownFileType = sourcecode.swift; path = AppDelegate.swift; sourceTree = "<group>"; };
		FFD798AC28EC8EA1002938F1 /* SceneDelegate.swift */ = {isa = PBXFileReference; lastKnownFileType = sourcecode.swift; path = SceneDelegate.swift; sourceTree = "<group>"; };
		FFD798B128EC8EA1002938F1 /* Base */ = {isa = PBXFileReference; lastKnownFileType = file.storyboard; name = Base; path = Base.lproj/Main.storyboard; sourceTree = "<group>"; };
		FFD798B328EC8EA2002938F1 /* Assets.xcassets */ = {isa = PBXFileReference; lastKnownFileType = folder.assetcatalog; path = Assets.xcassets; sourceTree = "<group>"; };
		FFD798B628EC8EA2002938F1 /* Base */ = {isa = PBXFileReference; lastKnownFileType = file.storyboard; name = Base; path = Base.lproj/LaunchScreen.storyboard; sourceTree = "<group>"; };
		FFD798B828EC8EA2002938F1 /* Info.plist */ = {isa = PBXFileReference; lastKnownFileType = text.plist.xml; path = Info.plist; sourceTree = "<group>"; };
		FFD798BE28EC8EBB002938F1 /* NearEarthObject.swift */ = {isa = PBXFileReference; lastKnownFileType = sourcecode.swift; path = NearEarthObject.swift; sourceTree = "<group>"; };
		FFD798C028EC90C5002938F1 /* NEOController.swift */ = {isa = PBXFileReference; lastKnownFileType = sourcecode.swift; path = NEOController.swift; sourceTree = "<group>"; };
		FFD798C628ECC131002938F1 /* NeosTableViewController.swift */ = {isa = PBXFileReference; lastKnownFileType = sourcecode.swift; path = NeosTableViewController.swift; sourceTree = "<group>"; };
/* End PBXFileReference section */

/* Begin PBXFrameworksBuildPhase section */
		FFD798A428EC8EA1002938F1 /* Frameworks */ = {
			isa = PBXFrameworksBuildPhase;
			buildActionMask = 2147483647;
			files = (
			);
			runOnlyForDeploymentPostprocessing = 0;
		};
/* End PBXFrameworksBuildPhase section */

/* Begin PBXGroup section */
		FFD7989E28EC8EA1002938F1 = {
			isa = PBXGroup;
			children = (
				FFD798A928EC8EA1002938F1 /* NeoiOS3 */,
				FFD798A828EC8EA1002938F1 /* Products */,
			);
			sourceTree = "<group>";
		};
		FFD798A828EC8EA1002938F1 /* Products */ = {
			isa = PBXGroup;
			children = (
				FFD798A728EC8EA1002938F1 /* NeoiOS3.app */,
			);
			name = Products;
			sourceTree = "<group>";
		};
		FFD798A928EC8EA1002938F1 /* NeoiOS3 */ = {
			isa = PBXGroup;
			children = (
				FFD798C528ECC0B5002938F1 /* Resources */,
				FFD798C428ECC0A7002938F1 /* Storyboards */,
				FFD798C328ECC094002938F1 /* Model */,
				FFD798C228ECC08D002938F1 /* Controller */,
				FFD798C828ECC135002938F1 /* TableView */,
			);
			path = NeoiOS3;
			sourceTree = "<group>";
		};
		FFD798C228ECC08D002938F1 /* Controller */ = {
			isa = PBXGroup;
			children = (
				FFD798C028EC90C5002938F1 /* NEOController.swift */,
			);
			path = Controller;
			sourceTree = "<group>";
		};
		FFD798C328ECC094002938F1 /* Model */ = {
			isa = PBXGroup;
			children = (
				FFD798BE28EC8EBB002938F1 /* NearEarthObject.swift */,
			);
			path = Model;
			sourceTree = "<group>";
		};
		FFD798C428ECC0A7002938F1 /* Storyboards */ = {
			isa = PBXGroup;
			children = (
				FFD798B028EC8EA1002938F1 /* Main.storyboard */,
				FFD798B528EC8EA2002938F1 /* LaunchScreen.storyboard */,
			);
			path = Storyboards;
			sourceTree = "<group>";
		};
		FFD798C528ECC0B5002938F1 /* Resources */ = {
			isa = PBXGroup;
			children = (
				FFD798AA28EC8EA1002938F1 /* AppDelegate.swift */,
				FFD798AC28EC8EA1002938F1 /* SceneDelegate.swift */,
				FFD798B328EC8EA2002938F1 /* Assets.xcassets */,
				FFD798B828EC8EA2002938F1 /* Info.plist */,
			);
			path = Resources;
			sourceTree = "<group>";
		};
		FFD798C828ECC135002938F1 /* TableView */ = {
			isa = PBXGroup;
			children = (
				FFD798C628ECC131002938F1 /* NeosTableViewController.swift */,
			);
			path = TableView;
			sourceTree = "<group>";
		};
/* End PBXGroup section */

/* Begin PBXNativeTarget section */
		FFD798A628EC8EA1002938F1 /* NeoiOS3 */ = {
			isa = PBXNativeTarget;
			buildConfigurationList = FFD798BB28EC8EA2002938F1 /* Build configuration list for PBXNativeTarget "NeoiOS3" */;
			buildPhases = (
				FFD798A328EC8EA1002938F1 /* Sources */,
				FFD798A428EC8EA1002938F1 /* Frameworks */,
				FFD798A528EC8EA1002938F1 /* Resources */,
			);
			buildRules = (
			);
			dependencies = (
			);
			name = NeoiOS3;
			productName = NeoiOS3;
			productReference = FFD798A728EC8EA1002938F1 /* NeoiOS3.app */;
			productType = "com.apple.product-type.application";
		};
/* End PBXNativeTarget section */

/* Begin PBXProject section */
		FFD7989F28EC8EA1002938F1 /* Project object */ = {
			isa = PBXProject;
			attributes = {
				BuildIndependentTargetsInParallel = 1;
				LastSwiftUpdateCheck = 1400;
				LastUpgradeCheck = 1400;
				TargetAttributes = {
					FFD798A628EC8EA1002938F1 = {
						CreatedOnToolsVersion = 14.0.1;
					};
				};
			};
			buildConfigurationList = FFD798A228EC8EA1002938F1 /* Build configuration list for PBXProject "NeoiOS3" */;
			compatibilityVersion = "Xcode 14.0";
			developmentRegion = en;
			hasScannedForEncodings = 0;
			knownRegions = (
				en,
				Base,
			);
			mainGroup = FFD7989E28EC8EA1002938F1;
			productRefGroup = FFD798A828EC8EA1002938F1 /* Products */;
			projectDirPath = "";
			projectRoot = "";
			targets = (
				FFD798A628EC8EA1002938F1 /* NeoiOS3 */,
			);
		};
/* End PBXProject section */

/* Begin PBXResourcesBuildPhase section */
		FFD798A528EC8EA1002938F1 /* Resources */ = {
			isa = PBXResourcesBuildPhase;
			buildActionMask = 2147483647;
			files = (
				FFD798B728EC8EA2002938F1 /* LaunchScreen.storyboard in Resources */,
				FFD798B428EC8EA2002938F1 /* Assets.xcassets in Resources */,
				FFD798B228EC8EA1002938F1 /* Main.storyboard in Resources */,
			);
			runOnlyForDeploymentPostprocessing = 0;
		};
/* End PBXResourcesBuildPhase section */

/* Begin PBXSourcesBuildPhase section */
		FFD798A328EC8EA1002938F1 /* Sources */ = {
			isa = PBXSourcesBuildPhase;
			buildActionMask = 2147483647;
			files = (
				FFD798C128EC90C5002938F1 /* NEOController.swift in Sources */,
				FFD798BF28EC8EBB002938F1 /* NearEarthObject.swift in Sources */,
				FFD798AB28EC8EA1002938F1 /* AppDelegate.swift in Sources */,
				FFD798C728ECC131002938F1 /* NeosTableViewController.swift in Sources */,
				FFD798AD28EC8EA1002938F1 /* SceneDelegate.swift in Sources */,
			);
			runOnlyForDeploymentPostprocessing = 0;
		};
/* End PBXSourcesBuildPhase section */

/* Begin PBXVariantGroup section */
		FFD798B028EC8EA1002938F1 /* Main.storyboard */ = {
			isa = PBXVariantGroup;
			children = (
				FFD798B128EC8EA1002938F1 /* Base */,
			);
			name = Main.storyboard;
			sourceTree = "<group>";
		};
		FFD798B528EC8EA2002938F1 /* LaunchScreen.storyboard */ = {
			isa = PBXVariantGroup;
			children = (
				FFD798B628EC8EA2002938F1 /* Base */,
			);
			name = LaunchScreen.storyboard;
			sourceTree = "<group>";
		};
/* End PBXVariantGroup section */

/* Begin XCBuildConfiguration section */
		FFD798B928EC8EA2002938F1 /* Debug */ = {
			isa = XCBuildConfiguration;
			buildSettings = {
				ALWAYS_SEARCH_USER_PATHS = NO;
				CLANG_ANALYZER_NONNULL = YES;
				CLANG_ANALYZER_NUMBER_OBJECT_CONVERSION = YES_AGGRESSIVE;
				CLANG_CXX_LANGUAGE_STANDARD = "gnu++20";
				CLANG_ENABLE_MODULES = YES;
				CLANG_ENABLE_OBJC_ARC = YES;
				CLANG_ENABLE_OBJC_WEAK = YES;
				CLANG_WARN_BLOCK_CAPTURE_AUTORELEASING = YES;
				CLANG_WARN_BOOL_CONVERSION = YES;
				CLANG_WARN_COMMA = YES;
				CLANG_WARN_CONSTANT_CONVERSION = YES;
				CLANG_WARN_DEPRECATED_OBJC_IMPLEMENTATIONS = YES;
				CLANG_WARN_DIRECT_OBJC_ISA_USAGE = YES_ERROR;
				CLANG_WARN_DOCUMENTATION_COMMENTS = YES;
				CLANG_WARN_EMPTY_BODY = YES;
				CLANG_WARN_ENUM_CONVERSION = YES;
				CLANG_WARN_INFINITE_RECURSION = YES;
				CLANG_WARN_INT_CONVERSION = YES;
				CLANG_WARN_NON_LITERAL_NULL_CONVERSION = YES;
				CLANG_WARN_OBJC_IMPLICIT_RETAIN_SELF = YES;
				CLANG_WARN_OBJC_LITERAL_CONVERSION = YES;
				CLANG_WARN_OBJC_ROOT_CLASS = YES_ERROR;
				CLANG_WARN_QUOTED_INCLUDE_IN_FRAMEWORK_HEADER = YES;
				CLANG_WARN_RANGE_LOOP_ANALYSIS = YES;
				CLANG_WARN_STRICT_PROTOTYPES = YES;
				CLANG_WARN_SUSPICIOUS_MOVE = YES;
				CLANG_WARN_UNGUARDED_AVAILABILITY = YES_AGGRESSIVE;
				CLANG_WARN_UNREACHABLE_CODE = YES;
				CLANG_WARN__DUPLICATE_METHOD_MATCH = YES;
				COPY_PHASE_STRIP = NO;
				DEBUG_INFORMATION_FORMAT = dwarf;
				ENABLE_STRICT_OBJC_MSGSEND = YES;
				ENABLE_TESTABILITY = YES;
				GCC_C_LANGUAGE_STANDARD = gnu11;
				GCC_DYNAMIC_NO_PIC = NO;
				GCC_NO_COMMON_BLOCKS = YES;
				GCC_OPTIMIZATION_LEVEL = 0;
				GCC_PREPROCESSOR_DEFINITIONS = (
					"DEBUG=1",
					"$(inherited)",
				);
				GCC_WARN_64_TO_32_BIT_CONVERSION = YES;
				GCC_WARN_ABOUT_RETURN_TYPE = YES_ERROR;
				GCC_WARN_UNDECLARED_SELECTOR = YES;
				GCC_WARN_UNINITIALIZED_AUTOS = YES_AGGRESSIVE;
				GCC_WARN_UNUSED_FUNCTION = YES;
				GCC_WARN_UNUSED_VARIABLE = YES;
				IPHONEOS_DEPLOYMENT_TARGET = 16.0;
				MTL_ENABLE_DEBUG_INFO = INCLUDE_SOURCE;
				MTL_FAST_MATH = YES;
				ONLY_ACTIVE_ARCH = YES;
				SDKROOT = iphoneos;
				SWIFT_ACTIVE_COMPILATION_CONDITIONS = DEBUG;
				SWIFT_OPTIMIZATION_LEVEL = "-Onone";
			};
			name = Debug;
		};
		FFD798BA28EC8EA2002938F1 /* Release */ = {
			isa = XCBuildConfiguration;
			buildSettings = {
				ALWAYS_SEARCH_USER_PATHS = NO;
				CLANG_ANALYZER_NONNULL = YES;
				CLANG_ANALYZER_NUMBER_OBJECT_CONVERSION = YES_AGGRESSIVE;
				CLANG_CXX_LANGUAGE_STANDARD = "gnu++20";
				CLANG_ENABLE_MODULES = YES;
				CLANG_ENABLE_OBJC_ARC = YES;
				CLANG_ENABLE_OBJC_WEAK = YES;
				CLANG_WARN_BLOCK_CAPTURE_AUTORELEASING = YES;
				CLANG_WARN_BOOL_CONVERSION = YES;
				CLANG_WARN_COMMA = YES;
				CLANG_WARN_CONSTANT_CONVERSION = YES;
				CLANG_WARN_DEPRECATED_OBJC_IMPLEMENTATIONS = YES;
				CLANG_WARN_DIRECT_OBJC_ISA_USAGE = YES_ERROR;
				CLANG_WARN_DOCUMENTATION_COMMENTS = YES;
				CLANG_WARN_EMPTY_BODY = YES;
				CLANG_WARN_ENUM_CONVERSION = YES;
				CLANG_WARN_INFINITE_RECURSION = YES;
				CLANG_WARN_INT_CONVERSION = YES;
				CLANG_WARN_NON_LITERAL_NULL_CONVERSION = YES;
				CLANG_WARN_OBJC_IMPLICIT_RETAIN_SELF = YES;
				CLANG_WARN_OBJC_LITERAL_CONVERSION = YES;
				CLANG_WARN_OBJC_ROOT_CLASS = YES_ERROR;
				CLANG_WARN_QUOTED_INCLUDE_IN_FRAMEWORK_HEADER = YES;
				CLANG_WARN_RANGE_LOOP_ANALYSIS = YES;
				CLANG_WARN_STRICT_PROTOTYPES = YES;
				CLANG_WARN_SUSPICIOUS_MOVE = YES;
				CLANG_WARN_UNGUARDED_AVAILABILITY = YES_AGGRESSIVE;
				CLANG_WARN_UNREACHABLE_CODE = YES;
				CLANG_WARN__DUPLICATE_METHOD_MATCH = YES;
				COPY_PHASE_STRIP = NO;
				DEBUG_INFORMATION_FORMAT = "dwarf-with-dsym";
				ENABLE_NS_ASSERTIONS = NO;
				ENABLE_STRICT_OBJC_MSGSEND = YES;
				GCC_C_LANGUAGE_STANDARD = gnu11;
				GCC_NO_COMMON_BLOCKS = YES;
				GCC_WARN_64_TO_32_BIT_CONVERSION = YES;
				GCC_WARN_ABOUT_RETURN_TYPE = YES_ERROR;
				GCC_WARN_UNDECLARED_SELECTOR = YES;
				GCC_WARN_UNINITIALIZED_AUTOS = YES_AGGRESSIVE;
				GCC_WARN_UNUSED_FUNCTION = YES;
				GCC_WARN_UNUSED_VARIABLE = YES;
				IPHONEOS_DEPLOYMENT_TARGET = 16.0;
				MTL_ENABLE_DEBUG_INFO = NO;
				MTL_FAST_MATH = YES;
				SDKROOT = iphoneos;
				SWIFT_COMPILATION_MODE = wholemodule;
				SWIFT_OPTIMIZATION_LEVEL = "-O";
				VALIDATE_PRODUCT = YES;
			};
			name = Release;
		};
		FFD798BC28EC8EA2002938F1 /* Debug */ = {
			isa = XCBuildConfiguration;
			buildSettings = {
				ASSETCATALOG_COMPILER_APPICON_NAME = AppIcon;
				ASSETCATALOG_COMPILER_GLOBAL_ACCENT_COLOR_NAME = AccentColor;
				CODE_SIGN_STYLE = Automatic;
				CURRENT_PROJECT_VERSION = 1;
				DEVELOPMENT_TEAM = D23NK3BZLQ;
				GENERATE_INFOPLIST_FILE = YES;
				INFOPLIST_FILE = NeoiOS3/Resources/Info.plist;
				INFOPLIST_KEY_UIApplicationSupportsIndirectInputEvents = YES;
				INFOPLIST_KEY_UILaunchStoryboardName = LaunchScreen;
				INFOPLIST_KEY_UIMainStoryboardFile = Main;
				INFOPLIST_KEY_UISupportedInterfaceOrientations_iPad = "UIInterfaceOrientationPortrait UIInterfaceOrientationPortraitUpsideDown UIInterfaceOrientationLandscapeLeft UIInterfaceOrientationLandscapeRight";
				INFOPLIST_KEY_UISupportedInterfaceOrientations_iPhone = "UIInterfaceOrientationPortrait UIInterfaceOrientationLandscapeLeft UIInterfaceOrientationLandscapeRight";
				LD_RUNPATH_SEARCH_PATHS = (
					"$(inherited)",
					"@executable_path/Frameworks",
				);
				MARKETING_VERSION = 1.0;
				PRODUCT_BUNDLE_IDENTIFIER = com.paradiseDevelopers.NeoiOS3;
				PRODUCT_NAME = "$(TARGET_NAME)";
				SWIFT_EMIT_LOC_STRINGS = YES;
				SWIFT_VERSION = 5.0;
				TARGETED_DEVICE_FAMILY = "1,2";
			};
			name = Debug;
		};
		FFD798BD28EC8EA2002938F1 /* Release */ = {
			isa = XCBuildConfiguration;
			buildSettings = {
				ASSETCATALOG_COMPILER_APPICON_NAME = AppIcon;
				ASSETCATALOG_COMPILER_GLOBAL_ACCENT_COLOR_NAME = AccentColor;
				CODE_SIGN_STYLE = Automatic;
				CURRENT_PROJECT_VERSION = 1;
				DEVELOPMENT_TEAM = D23NK3BZLQ;
				GENERATE_INFOPLIST_FILE = YES;
				INFOPLIST_FILE = NeoiOS3/Resources/Info.plist;
				INFOPLIST_KEY_UIApplicationSupportsIndirectInputEvents = YES;
				INFOPLIST_KEY_UILaunchStoryboardName = LaunchScreen;
				INFOPLIST_KEY_UIMainStoryboardFile = Main;
				INFOPLIST_KEY_UISupportedInterfaceOrientations_iPad = "UIInterfaceOrientationPortrait UIInterfaceOrientationPortraitUpsideDown UIInterfaceOrientationLandscapeLeft UIInterfaceOrientationLandscapeRight";
				INFOPLIST_KEY_UISupportedInterfaceOrientations_iPhone = "UIInterfaceOrientationPortrait UIInterfaceOrientationLandscapeLeft UIInterfaceOrientationLandscapeRight";
				LD_RUNPATH_SEARCH_PATHS = (
					"$(inherited)",
					"@executable_path/Frameworks",
				);
				MARKETING_VERSION = 1.0;
				PRODUCT_BUNDLE_IDENTIFIER = com.paradiseDevelopers.NeoiOS3;
				PRODUCT_NAME = "$(TARGET_NAME)";
				SWIFT_EMIT_LOC_STRINGS = YES;
				SWIFT_VERSION = 5.0;
				TARGETED_DEVICE_FAMILY = "1,2";
			};
			name = Release;
		};
/* End XCBuildConfiguration section */

/* Begin XCConfigurationList section */
		FFD798A228EC8EA1002938F1 /* Build configuration list for PBXProject "NeoiOS3" */ = {
			isa = XCConfigurationList;
			buildConfigurations = (
				FFD798B928EC8EA2002938F1 /* Debug */,
				FFD798BA28EC8EA2002938F1 /* Release */,
			);
			defaultConfigurationIsVisible = 0;
			defaultConfigurationName = Release;
		};
		FFD798BB28EC8EA2002938F1 /* Build configuration list for PBXNativeTarget "NeoiOS3" */ = {
			isa = XCConfigurationList;
			buildConfigurations = (
				FFD798BC28EC8EA2002938F1 /* Debug */,
				FFD798BD28EC8EA2002938F1 /* Release */,
			);
			defaultConfigurationIsVisible = 0;
			defaultConfigurationName = Release;
		};
/* End XCConfigurationList section */
	};
	rootObject = FFD7989F28EC8EA1002938F1 /* Project object */;
}
